
Microsoft Visual Studio Solution File, Format Version 12.00
# Visual Studio 2012
Project("{FAE04EC0-301F-11D3-BF4B-00C04F79EFBC}") = "ImageHasher", "ImageHasher.csproj", "{5C0E09ED-D4A6-4E40-B589-E8594BF4F919}"
EndProject
Project("{FAE04EC0-301F-11D3-BF4B-00C04F79EFBC}") = "ImageHasher.Tests", "..\ImageHasher.Tests\ImageHasher.Tests.csproj", "{AAD521E1-8D73-4003-92C2-24C3918539FC}"
EndProject
Project("{FAE04EC0-301F-11D3-BF4B-00C04F79EFBC}") = "ImageHasher.Example", "..\ImageHasher.Example\ImageHasher.Example.csproj", "{B28C9EBA-FDBC-410B-A205-0BD6503A74DB}"
EndProject
Global
	GlobalSection(SolutionConfigurationPlatforms) = preSolution
		Debug|Any CPU = Debug|Any CPU
		Release|Any CPU = Release|Any CPU
	EndGlobalSection
	GlobalSection(ProjectConfigurationPlatforms) = postSolution
		{5C0E09ED-D4A6-4E40-B589-E8594BF4F919}.Debug|Any CPU.ActiveCfg = Debug|Any CPU
		{5C0E09ED-D4A6-4E40-B589-E8594BF4F919}.Debug|Any CPU.Build.0 = Debug|Any CPU
		{5C0E09ED-D4A6-4E40-B589-E8594BF4F919}.Release|Any CPU.ActiveCfg = Release|Any CPU
		{5C0E09ED-D4A6-4E40-B589-E8594BF4F919}.Release|Any CPU.Build.0 = Release|Any CPU
		{AAD521E1-8D73-4003-92C2-24C3918539FC}.Debug|Any CPU.ActiveCfg = Debug|Any CPU
		{AAD521E1-8D73-4003-92C2-24C3918539FC}.Debug|Any CPU.Build.0 = Debug|Any CPU
		{AAD521E1-8D73-4003-92C2-24C3918539FC}.Release|Any CPU.ActiveCfg = Release|Any CPU
		{AAD521E1-8D73-4003-92C2-24C3918539FC}.Release|Any CPU.Build.0 = Release|Any CPU
		{B28C9EBA-FDBC-410B-A205-0BD6503A74DB}.Debug|Any CPU.ActiveCfg = Debug|Any CPU
		{B28C9EBA-FDBC-410B-A205-0BD6503A74DB}.Debug|Any CPU.Build.0 = Debug|Any CPU
		{B28C9EBA-FDBC-410B-A205-0BD6503A74DB}.Release|Any CPU.ActiveCfg = Release|Any CPU
		{B28C9EBA-FDBC-410B-A205-0BD6503A74DB}.Release|Any CPU.Build.0 = Release|Any CPU
	EndGlobalSection
	GlobalSection(SolutionProperties) = preSolution
		HideSolutionNode = FALSE
	EndGlobalSection
EndGlobal
